# This file is autogenerated, do not edit; changes may be undone by the next 'dep ensure'.


[[projects]]
  digest = "1:09946c0b0ed03b15365f480e7cfa91865e870faa44f1e50b613ae7c61afd9141"
  name = "github.com/apex/log"
  packages = [
    ".",
    "handlers/json",
  ]
  pruneopts = "UT"
  revision = "d9b960447bfa720077b2da653cc79e533455b499"

[[projects]]
  digest = "1:511f7e1ca840c3b8c5761870d8606aa8bdf95f5d422a74fbe0ef3cf210cfe2c9"
  name = "github.com/davecgh/go-spew"
  packages = ["spew"]
  pruneopts = "UT"
  revision = "04cdfd42973bb9c8589fd6a731800cf222fde1a9"

[[projects]]
  digest = "1:f5115d867fd22994261ab8336c7252f6655c2e13a88b6b9046b57d086efd2f78"
  name = "github.com/fatih/color"
  packages = ["."]
  pruneopts = "UT"
  revision = "62e9147c64a1ed519147b62a56a14e83e2be02c1"

[[projects]]
  digest = "1:0cfcded8689c2c964c223650009c5dd9e283c22d57f18f2335aafa16cc22acf1"
  name = "github.com/go-kit/kit"
  packages = ["log"]
  pruneopts = "UT"
  revision = "e10f5bf035be9af21fd5b2fb4469d5716c6ab07d"

[[projects]]
  digest = "1:31a18dae27a29aa074515e43a443abfd2ba6deb6d69309d8d7ce789c45f34659"
  name = "github.com/go-logfmt/logfmt"
  packages = ["."]
  pruneopts = "UT"
  revision = "390ab7935ee28ec6b286364bba9b4dd6410cb3d5"
  version = "v0.3.0"

[[projects]]
  digest = "1:33542eaf895b5489ccfb059502a721f0e8875379da8b3ff60fdd9212d503705c"
  name = "github.com/go-stack/stack"
  packages = ["."]
  pruneopts = "UT"
  revision = "54be5f394ed2c3e19dac9134a40a95ba5a017f7b"
  version = "v1.5.4"

[[projects]]
  branch = "master"
  digest = "1:a64e323dc06b73892e5bb5d040ced475c4645d456038333883f58934abbf6f72"
  name = "github.com/kr/logfmt"
  packages = ["."]
  pruneopts = "UT"
  revision = "b84e30acd515aadc4b783ad4ff83aff3299bdfe0"

[[projects]]
  digest = "1:e0a01814b18e390c061e9303b15e47fe568bde4b7f1e3a5272647269a8d3f2b7"
  name = "github.com/mattn/go-colorable"
  packages = ["."]
  pruneopts = "UT"
  revision = "3fa8c76f9daed4067e4a806fb7e4dc86455c6d6a"

[[projects]]
  digest = "1:fa610f9fe6a93f4a75e64c83673dfff9bf1a34bbb21e6102021b6bc7850834a3"
  name = "github.com/mattn/go-isatty"
  packages = ["."]
  pruneopts = "UT"
  revision = "fc9e8d8ef48496124e79ae0df75490096eccf6fe"
  version = "v0.0.2"

[[projects]]
  digest = "1:40e195917a951a8bf867cd05de2a46aaf1806c50cf92eebf4c16f78cd196f747"
  name = "github.com/pkg/errors"
  packages = ["."]
  pruneopts = "UT"
  revision = "645ef00459ed84a119197bfb8d8205042c6df63d"
  version = "v0.8.0"

[[projects]]
  digest = "1:08413c4235cad94a96c39e1e2f697789733c4a87d1fdf06b412d2cf2ba49826a"
  name = "github.com/pmezard/go-difflib"
  packages = ["difflib"]
  pruneopts = "UT"
  revision = "d8ed2627bdf02c080bf22230dbb337003b7aba2d"

[[projects]]
  digest = "1:ddf2f6f7c21f05ea705579a580f40d94c3d7e7168a3d3b1ec0bf6613c624f7cc"
  name = "github.com/rs/zerolog"
  packages = ["."]
  pruneopts = "UT"
  revision = "eed4c2b94d945e0b2456ad6aa518a443986b5f22"

[[projects]]
  digest = "1:e589afe1921e2b183b1cc58a06d7b36ee703a1fdb3cfc41370903c75a5d00b2a"
  name = "github.com/satori/go.uuid"
  packages = ["."]
  pruneopts = "UT"
  revision = "5bf94b69c6b68ee1b541973bb8e1144db23a194b"

[[projects]]
  digest = "1:ed7759c8980517a3915a9685d5771d70ca5b860a1735f763b76a84c46db2e0a2"
  name = "github.com/sirupsen/logrus"
  packages = ["."]
  pruneopts = "UT"
  revision = "7dd06bf38e1e13df288d471a57d5adbac106be9e"

[[projects]]
  digest = "1:3c75451ece0c392569234674e7b7d8238305c0a3d650a3cd1eb652e3e95e0969"
  name = "github.com/stretchr/testify"
  packages = [
    "assert",
    "require",
  ]
  pruneopts = "UT"
  revision = "f6abca593680b2315d2075e0f5e2a9751e3f431a"

[[projects]]
  digest = "1:34bccd105e6553d5975a3b04f048ec012339abc9dfcf58d89fd81ae0372f23e6"
  name = "go.pedge.io/lion"
  packages = ["."]
  pruneopts = "UT"
  revision = "87958e8713f1fa138d993087133b97e976642159"

[[projects]]
  digest = "1:777e729b475d3895c7229552aa10076f0d177daf37c0a72258006d046d329960"
  name = "go.uber.org/atomic"
  packages = ["."]
  pruneopts = "UT"
  revision = "4e336646b2ef9fc6e47be8e21594178f98e5ebcf"
  version = "v1.2.0"

[[projects]]
  digest = "1:60bf2a5e347af463c42ed31a493d817f8a72f102543060ed992754e689805d1a"
  name = "go.uber.org/multierr"
  packages = ["."]
  pruneopts = "UT"
  revision = "3c4937480c32f4c13a875a1829af76c98ca3d40a"
  version = "v1.1.0"

[[projects]]
  digest = "1:1823f145d46c33abc0d1b15711d24839b2266f8e23c2b8dca1d35be3b0a84029"
  name = "golang.org/x/sys"
  packages = ["unix"]
  pruneopts = "UT"
  revision = "c4489faa6e5ab84c0ef40d6ee878f7a030281f0f"

[[projects]]
  digest = "1:d6d68061ae5697cf6facb487fac99a76c44e3c0899f4f1f7f758c0d9c00de5f6"
  name = "gopkg.in/inconshreveable/log15.v2"
  packages = [
    ".",
    "stack",
    "term",
  ]
  pruneopts = "UT"
  revision = "b105bd37f74e5d9dc7b6ad7806715c7a2b83fd3f"
  version = "v2.11"

[solve-meta]
  analyzer-name = "dep"
  analyzer-version = 1
  input-imports = [
    "github.com/apex/log",
    "github.com/apex/log/handlers/json",
    "github.com/go-kit/kit/log",
    "github.com/pkg/errors",
    "github.com/rs/zerolog",
    "github.com/sirupsen/logrus",
    "github.com/stretchr/testify/assert",
    "github.com/stretchr/testify/require",
    "go.pedge.io/lion",
    "go.uber.org/atomic",
    "go.uber.org/multierr",
    "gopkg.in/inconshreveable/log15.v2",
  ]
  solver-name = "gps-cdcl"
  solver-version = 1
